
Microsoft Visual Studio Solution File, Format Version 12.00
# Visual Studio 15
VisualStudioVersion = 15.0.27428.1
MinimumVisualStudioVersion = 10.0.40219.1
Project("{FAE04EC0-301F-11D3-BF4B-00C04F79EFBC}") = "CBRParser", "CBRParser.csproj", "{37A18C0B-9386-4A5D-B5C7-BF2C0AE7869B}"
EndProject
Project("{00D1A9C2-B5F0-4AF3-8072-F6C62B433612}") = "CbrDataBase", "c:\users\borf\documents\visual studio 2017\Projects\CbrDataBase\CbrDataBase.sqlproj", "{4B5C1884-97BE-44B4-8330-777B89494CE9}"
EndProject
Global
	GlobalSection(SolutionConfigurationPlatforms) = preSolution
		Debug|Any CPU = Debug|Any CPU
		Release|Any CPU = Release|Any CPU
	EndGlobalSection
	GlobalSection(ProjectConfigurationPlatforms) = postSolution
		{37A18C0B-9386-4A5D-B5C7-BF2C0AE7869B}.Debug|Any CPU.ActiveCfg = Debug|Any CPU
		{37A18C0B-9386-4A5D-B5C7-BF2C0AE7869B}.Debug|Any CPU.Build.0 = Debug|Any CPU
		{37A18C0B-9386-4A5D-B5C7-BF2C0AE7869B}.Release|Any CPU.ActiveCfg = Release|Any CPU
		{37A18C0B-9386-4A5D-B5C7-BF2C0AE7869B}.Release|Any CPU.Build.0 = Release|Any CPU
		{4B5C1884-97BE-44B4-8330-777B89494CE9}.Debug|Any CPU.ActiveCfg = Debug|Any CPU
		{4B5C1884-97BE-44B4-8330-777B89494CE9}.Debug|Any CPU.Build.0 = Debug|Any CPU
		{4B5C1884-97BE-44B4-8330-777B89494CE9}.Debug|Any CPU.Deploy.0 = Debug|Any CPU
		{4B5C1884-97BE-44B4-8330-777B89494CE9}.Release|Any CPU.ActiveCfg = Release|Any CPU
		{4B5C1884-97BE-44B4-8330-777B89494CE9}.Release|Any CPU.Build.0 = Release|Any CPU
		{4B5C1884-97BE-44B4-8330-777B89494CE9}.Release|Any CPU.Deploy.0 = Release|Any CPU
	EndGlobalSection
	GlobalSection(SolutionProperties) = preSolution
		HideSolutionNode = FALSE
	EndGlobalSection
	GlobalSection(ExtensibilityGlobals) = postSolution
		SolutionGuid = {C2A3CA08-0EE0-424F-856C-4E14BFAD35AD}
	EndGlobalSection
EndGlobal
